Microsoft Visual Studio Solution File, Format Version 12.00
# Visual Studio 2012
Project("{FAE04EC0-301F-11D3-BF4B-00C04F79EFBC}") = "game-jam-proj", "game-jam-proj.csproj", "{CD6DD12F-40CF-4689-906C-3045B87709EA}"
EndProject
Global
	GlobalSection(SolutionConfigurationPlatforms) = preSolution
	Debug|Any CPU = Debug|Any CPU
	ExportDebug|Any CPU = ExportDebug|Any CPU
	ExportRelease|Any CPU = ExportRelease|Any CPU
	EndGlobalSection
	GlobalSection(ProjectConfigurationPlatforms) = postSolution
		{CD6DD12F-40CF-4689-906C-3045B87709EA}.Debug|Any CPU.ActiveCfg = Debug|Any CPU
		{CD6DD12F-40CF-4689-906C-3045B87709EA}.Debug|Any CPU.Build.0 = Debug|Any CPU
		{CD6DD12F-40CF-4689-906C-3045B87709EA}.ExportDebug|Any CPU.ActiveCfg = ExportDebug|Any CPU
		{CD6DD12F-40CF-4689-906C-3045B87709EA}.ExportDebug|Any CPU.Build.0 = ExportDebug|Any CPU
		{CD6DD12F-40CF-4689-906C-3045B87709EA}.ExportRelease|Any CPU.ActiveCfg = ExportRelease|Any CPU
		{CD6DD12F-40CF-4689-906C-3045B87709EA}.ExportRelease|Any CPU.Build.0 = ExportRelease|Any CPU
	EndGlobalSection
EndGlobal
