Microsoft Visual Studio Solution File, Format Version 12.00
# Visual Studio 2012
Project("{FAE04EC0-301F-11D3-BF4B-00C04F79EFBC}") = "game-jam-proj", "game-jam-proj.csproj", "{E4504B66-3B11-4AB0-9F21-E709A2FB45AE}"
EndProject
Global
	GlobalSection(SolutionConfigurationPlatforms) = preSolution
	Debug|Any CPU = Debug|Any CPU
	ExportDebug|Any CPU = ExportDebug|Any CPU
	ExportRelease|Any CPU = ExportRelease|Any CPU
	EndGlobalSection
	GlobalSection(ProjectConfigurationPlatforms) = postSolution
		{E4504B66-3B11-4AB0-9F21-E709A2FB45AE}.Debug|Any CPU.ActiveCfg = Debug|Any CPU
		{E4504B66-3B11-4AB0-9F21-E709A2FB45AE}.Debug|Any CPU.Build.0 = Debug|Any CPU
		{E4504B66-3B11-4AB0-9F21-E709A2FB45AE}.ExportDebug|Any CPU.ActiveCfg = ExportDebug|Any CPU
		{E4504B66-3B11-4AB0-9F21-E709A2FB45AE}.ExportDebug|Any CPU.Build.0 = ExportDebug|Any CPU
		{E4504B66-3B11-4AB0-9F21-E709A2FB45AE}.ExportRelease|Any CPU.ActiveCfg = ExportRelease|Any CPU
		{E4504B66-3B11-4AB0-9F21-E709A2FB45AE}.ExportRelease|Any CPU.Build.0 = ExportRelease|Any CPU
	EndGlobalSection
EndGlobal
